Microsoft Visual Studio Solution File, Format Version 12.00
# Visual Studio Version 17
VisualStudioVersion = 17.5.2.0
MinimumVisualStudioVersion = 10.0.40219.1
Project("{2150E333-8FDC-42A3-9474-1A3956D46DE8}") = "backend", "backend", "{1AE8ACA6-933B-BF2A-3671-3E2EAC007D16}"
EndProject
Project("{2150E333-8FDC-42A3-9474-1A3956D46DE8}") = "AuthService", "AuthService", "{F5FBE395-A9AA-0EC5-3054-FC66B787845B}"
EndProject
Project("{2150E333-8FDC-42A3-9474-1A3956D46DE8}") = "src", "src", "{FE9E5C14-39C4-3780-2A69-6E2380F06A9A}"
EndProject
Project("{FAE04EC0-301F-11D3-BF4B-00C04F79EFBC}") = "AuthService.API", "backend\AuthService\src\AuthService.API\AuthService.API.csproj", "{B55B7EC2-81FF-D920-27F6-A899E999C2B8}"
EndProject
Project("{FAE04EC0-301F-11D3-BF4B-00C04F79EFBC}") = "AuthService.Application", "backend\AuthService\src\AuthService.Application\AuthService.Application.csproj", "{0842DE5C-7C4C-5058-B968-A63ADDD2B490}"
EndProject
Project("{FAE04EC0-301F-11D3-BF4B-00C04F79EFBC}") = "AuthService.Domain", "backend\AuthService\src\AuthService.Domain\AuthService.Domain.csproj", "{74F1629E-AD31-7FB9-C16A-7F7130513909}"
EndProject
Project("{FAE04EC0-301F-11D3-BF4B-00C04F79EFBC}") = "AuthService.Infrastructure", "backend\AuthService\src\AuthService.Infrastructure\AuthService.Infrastructure.csproj", "{7CC4F2A7-3FB1-02B6-AD1B-0CFA4228BD69}"
EndProject
Project("{2150E333-8FDC-42A3-9474-1A3956D46DE8}") = "CertificateService", "CertificateService", "{81E15ABF-2A92-EAD7-0807-0C4C25EA559D}"
EndProject
Project("{2150E333-8FDC-42A3-9474-1A3956D46DE8}") = "src", "src", "{E3E8C501-14F6-1C0B-21A6-8FD23B7EB4C3}"
EndProject
Project("{FAE04EC0-301F-11D3-BF4B-00C04F79EFBC}") = "CertificateService.API", "backend\CertificateService\src\CertificateService.API\CertificateService.API.csproj", "{27AC1EE1-043B-41AA-1F7A-2DEBD0979C4B}"
EndProject
Project("{FAE04EC0-301F-11D3-BF4B-00C04F79EFBC}") = "CertificateService.Application", "backend\CertificateService\src\CertificateService.Application\CertificateService.Application.csproj", "{7347B142-2264-63F4-AF52-967783102418}"
EndProject
Project("{FAE04EC0-301F-11D3-BF4B-00C04F79EFBC}") = "CertificateService.Domain", "backend\CertificateService\src\CertificateService.Domain\CertificateService.Domain.csproj", "{2A312799-8A8F-B838-F0A1-CD48FC300CEC}"
EndProject
Project("{FAE04EC0-301F-11D3-BF4B-00C04F79EFBC}") = "CertificateService.Infrastructure", "backend\CertificateService\src\CertificateService.Infrastructure\CertificateService.Infrastructure.csproj", "{496FADCF-E1D2-0872-E6DD-14895A019431}"
EndProject
Project("{2150E333-8FDC-42A3-9474-1A3956D46DE8}") = "CommentService", "CommentService", "{2B29CED9-BAA1-6E7C-9791-52F62BBA0112}"
EndProject
Project("{2150E333-8FDC-42A3-9474-1A3956D46DE8}") = "src", "src", "{0E119B4B-1F11-A0EA-4CCE-4A01ECA144CA}"
EndProject
Project("{FAE04EC0-301F-11D3-BF4B-00C04F79EFBC}") = "CommentService.API", "backend\CommentService\src\CommentService.API\CommentService.API.csproj", "{9948D869-CE91-3C94-6170-FD5C36AEC80E}"
EndProject
Project("{FAE04EC0-301F-11D3-BF4B-00C04F79EFBC}") = "CommentService.Application", "backend\CommentService\src\CommentService.Application\CommentService.Application.csproj", "{AFC3B11C-2B56-CCEA-EBC1-DD167DFB69E7}"
EndProject
Project("{FAE04EC0-301F-11D3-BF4B-00C04F79EFBC}") = "CommentService.Domain", "backend\CommentService\src\CommentService.Domain\CommentService.Domain.csproj", "{2DE737FD-5A71-7352-19A1-43C655EAF14E}"
EndProject
Project("{FAE04EC0-301F-11D3-BF4B-00C04F79EFBC}") = "CommentService.Infrastructure", "backend\CommentService\src\CommentService.Infrastructure\CommentService.Infrastructure.csproj", "{2B55B126-35C2-2EC6-435B-4B01615980A8}"
EndProject
Project("{2150E333-8FDC-42A3-9474-1A3956D46DE8}") = "Gateway", "Gateway", "{C1DD1228-602D-EDB8-34A7-988CF3C6ABE9}"
EndProject
Project("{2150E333-8FDC-42A3-9474-1A3956D46DE8}") = "src", "src", "{087EEE08-FD9F-0579-ABFC-89D7560A2EB9}"
EndProject
Project("{FAE04EC0-301F-11D3-BF4B-00C04F79EFBC}") = "Gateway.API", "backend\Gateway\src\Gateway.API\Gateway.API.csproj", "{018C8CD0-5EFC-C1CA-D4C6-1C2FB392BA84}"
EndProject
Project("{FAE04EC0-301F-11D3-BF4B-00C04F79EFBC}") = "Gateway.Application", "backend\Gateway\src\Gateway.Application\Gateway.Application.csproj", "{0DB1DD48-28EA-AD97-870F-2B0C6BFC16F4}"
EndProject
Project("{FAE04EC0-301F-11D3-BF4B-00C04F79EFBC}") = "Gateway.Domain", "backend\Gateway\src\Gateway.Domain\Gateway.Domain.csproj", "{8F5D0293-7949-E6D8-6EAD-0C0132E88657}"
EndProject
Project("{FAE04EC0-301F-11D3-BF4B-00C04F79EFBC}") = "Gateway.Infrastructure", "backend\Gateway\src\Gateway.Infrastructure\Gateway.Infrastructure.csproj", "{F2617A3F-B016-8C31-079F-8E2210C19755}"
EndProject
Project("{2150E333-8FDC-42A3-9474-1A3956D46DE8}") = "PostService", "PostService", "{A5517D67-9A3F-B456-ABA9-C8497532F4C3}"
EndProject
Project("{2150E333-8FDC-42A3-9474-1A3956D46DE8}") = "src", "src", "{73B2C378-38AB-38A3-B24B-A73E1A0C5AFD}"
EndProject
Project("{FAE04EC0-301F-11D3-BF4B-00C04F79EFBC}") = "PostService.API", "backend\PostService\src\PostService.API\PostService.API.csproj", "{5FCA7636-BF68-8375-5191-DA5F493BB271}"
EndProject
Project("{FAE04EC0-301F-11D3-BF4B-00C04F79EFBC}") = "PostService.Application", "backend\PostService\src\PostService.Application\PostService.Application.csproj", "{9FE48592-B621-1EC9-0F16-98B29F7C1EAB}"
EndProject
Project("{FAE04EC0-301F-11D3-BF4B-00C04F79EFBC}") = "PostService.Domain", "backend\PostService\src\PostService.Domain\PostService.Domain.csproj", "{77581D70-EC82-B85D-C23D-E59680EFA01E}"
EndProject
Project("{FAE04EC0-301F-11D3-BF4B-00C04F79EFBC}") = "PostService.Infrastructure", "backend\PostService\src\PostService.Infrastructure\PostService.Infrastructure.csproj", "{292342BF-CCF4-0F1E-3731-821E8F324AC2}"
EndProject
Global
	GlobalSection(SolutionConfigurationPlatforms) = preSolution
		Debug|Any CPU = Debug|Any CPU
		Release|Any CPU = Release|Any CPU
	EndGlobalSection
	GlobalSection(ProjectConfigurationPlatforms) = postSolution
		{B55B7EC2-81FF-D920-27F6-A899E999C2B8}.Debug|Any CPU.ActiveCfg = Debug|Any CPU
		{B55B7EC2-81FF-D920-27F6-A899E999C2B8}.Debug|Any CPU.Build.0 = Debug|Any CPU
		{B55B7EC2-81FF-D920-27F6-A899E999C2B8}.Release|Any CPU.ActiveCfg = Release|Any CPU
		{B55B7EC2-81FF-D920-27F6-A899E999C2B8}.Release|Any CPU.Build.0 = Release|Any CPU
		{0842DE5C-7C4C-5058-B968-A63ADDD2B490}.Debug|Any CPU.ActiveCfg = Debug|Any CPU
		{0842DE5C-7C4C-5058-B968-A63ADDD2B490}.Debug|Any CPU.Build.0 = Debug|Any CPU
		{0842DE5C-7C4C-5058-B968-A63ADDD2B490}.Release|Any CPU.ActiveCfg = Release|Any CPU
		{0842DE5C-7C4C-5058-B968-A63ADDD2B490}.Release|Any CPU.Build.0 = Release|Any CPU
		{74F1629E-AD31-7FB9-C16A-7F7130513909}.Debug|Any CPU.ActiveCfg = Debug|Any CPU
		{74F1629E-AD31-7FB9-C16A-7F7130513909}.Debug|Any CPU.Build.0 = Debug|Any CPU
		{74F1629E-AD31-7FB9-C16A-7F7130513909}.Release|Any CPU.ActiveCfg = Release|Any CPU
		{74F1629E-AD31-7FB9-C16A-7F7130513909}.Release|Any CPU.Build.0 = Release|Any CPU
		{7CC4F2A7-3FB1-02B6-AD1B-0CFA4228BD69}.Debug|Any CPU.ActiveCfg = Debug|Any CPU
		{7CC4F2A7-3FB1-02B6-AD1B-0CFA4228BD69}.Debug|Any CPU.Build.0 = Debug|Any CPU
		{7CC4F2A7-3FB1-02B6-AD1B-0CFA4228BD69}.Release|Any CPU.ActiveCfg = Release|Any CPU
		{7CC4F2A7-3FB1-02B6-AD1B-0CFA4228BD69}.Release|Any CPU.Build.0 = Release|Any CPU
		{27AC1EE1-043B-41AA-1F7A-2DEBD0979C4B}.Debug|Any CPU.ActiveCfg = Debug|Any CPU
		{27AC1EE1-043B-41AA-1F7A-2DEBD0979C4B}.Debug|Any CPU.Build.0 = Debug|Any CPU
		{27AC1EE1-043B-41AA-1F7A-2DEBD0979C4B}.Release|Any CPU.ActiveCfg = Release|Any CPU
		{27AC1EE1-043B-41AA-1F7A-2DEBD0979C4B}.Release|Any CPU.Build.0 = Release|Any CPU
		{7347B142-2264-63F4-AF52-967783102418}.Debug|Any CPU.ActiveCfg = Debug|Any CPU
		{7347B142-2264-63F4-AF52-967783102418}.Debug|Any CPU.Build.0 = Debug|Any CPU
		{7347B142-2264-63F4-AF52-967783102418}.Release|Any CPU.ActiveCfg = Release|Any CPU
		{7347B142-2264-63F4-AF52-967783102418}.Release|Any CPU.Build.0 = Release|Any CPU
		{2A312799-8A8F-B838-F0A1-CD48FC300CEC}.Debug|Any CPU.ActiveCfg = Debug|Any CPU
		{2A312799-8A8F-B838-F0A1-CD48FC300CEC}.Debug|Any CPU.Build.0 = Debug|Any CPU
		{2A312799-8A8F-B838-F0A1-CD48FC300CEC}.Release|Any CPU.ActiveCfg = Release|Any CPU
		{2A312799-8A8F-B838-F0A1-CD48FC300CEC}.Release|Any CPU.Build.0 = Release|Any CPU
		{496FADCF-E1D2-0872-E6DD-14895A019431}.Debug|Any CPU.ActiveCfg = Debug|Any CPU
		{496FADCF-E1D2-0872-E6DD-14895A019431}.Debug|Any CPU.Build.0 = Debug|Any CPU
		{496FADCF-E1D2-0872-E6DD-14895A019431}.Release|Any CPU.ActiveCfg = Release|Any CPU
		{496FADCF-E1D2-0872-E6DD-14895A019431}.Release|Any CPU.Build.0 = Release|Any CPU
		{9948D869-CE91-3C94-6170-FD5C36AEC80E}.Debug|Any CPU.ActiveCfg = Debug|Any CPU
		{9948D869-CE91-3C94-6170-FD5C36AEC80E}.Debug|Any CPU.Build.0 = Debug|Any CPU
		{9948D869-CE91-3C94-6170-FD5C36AEC80E}.Release|Any CPU.ActiveCfg = Release|Any CPU
		{9948D869-CE91-3C94-6170-FD5C36AEC80E}.Release|Any CPU.Build.0 = Release|Any CPU
		{AFC3B11C-2B56-CCEA-EBC1-DD167DFB69E7}.Debug|Any CPU.ActiveCfg = Debug|Any CPU
		{AFC3B11C-2B56-CCEA-EBC1-DD167DFB69E7}.Debug|Any CPU.Build.0 = Debug|Any CPU
		{AFC3B11C-2B56-CCEA-EBC1-DD167DFB69E7}.Release|Any CPU.ActiveCfg = Release|Any CPU
		{AFC3B11C-2B56-CCEA-EBC1-DD167DFB69E7}.Release|Any CPU.Build.0 = Release|Any CPU
		{2DE737FD-5A71-7352-19A1-43C655EAF14E}.Debug|Any CPU.ActiveCfg = Debug|Any CPU
		{2DE737FD-5A71-7352-19A1-43C655EAF14E}.Debug|Any CPU.Build.0 = Debug|Any CPU
		{2DE737FD-5A71-7352-19A1-43C655EAF14E}.Release|Any CPU.ActiveCfg = Release|Any CPU
		{2DE737FD-5A71-7352-19A1-43C655EAF14E}.Release|Any CPU.Build.0 = Release|Any CPU
		{2B55B126-35C2-2EC6-435B-4B01615980A8}.Debug|Any CPU.ActiveCfg = Debug|Any CPU
		{2B55B126-35C2-2EC6-435B-4B01615980A8}.Debug|Any CPU.Build.0 = Debug|Any CPU
		{2B55B126-35C2-2EC6-435B-4B01615980A8}.Release|Any CPU.ActiveCfg = Release|Any CPU
		{2B55B126-35C2-2EC6-435B-4B01615980A8}.Release|Any CPU.Build.0 = Release|Any CPU
		{018C8CD0-5EFC-C1CA-D4C6-1C2FB392BA84}.Debug|Any CPU.ActiveCfg = Debug|Any CPU
		{018C8CD0-5EFC-C1CA-D4C6-1C2FB392BA84}.Debug|Any CPU.Build.0 = Debug|Any CPU
		{018C8CD0-5EFC-C1CA-D4C6-1C2FB392BA84}.Release|Any CPU.ActiveCfg = Release|Any CPU
		{018C8CD0-5EFC-C1CA-D4C6-1C2FB392BA84}.Release|Any CPU.Build.0 = Release|Any CPU
		{0DB1DD48-28EA-AD97-870F-2B0C6BFC16F4}.Debug|Any CPU.ActiveCfg = Debug|Any CPU
		{0DB1DD48-28EA-AD97-870F-2B0C6BFC16F4}.Debug|Any CPU.Build.0 = Debug|Any CPU
		{0DB1DD48-28EA-AD97-870F-2B0C6BFC16F4}.Release|Any CPU.ActiveCfg = Release|Any CPU
		{0DB1DD48-28EA-AD97-870F-2B0C6BFC16F4}.Release|Any CPU.Build.0 = Release|Any CPU
		{8F5D0293-7949-E6D8-6EAD-0C0132E88657}.Debug|Any CPU.ActiveCfg = Debug|Any CPU
		{8F5D0293-7949-E6D8-6EAD-0C0132E88657}.Debug|Any CPU.Build.0 = Debug|Any CPU
		{8F5D0293-7949-E6D8-6EAD-0C0132E88657}.Release|Any CPU.ActiveCfg = Release|Any CPU
		{8F5D0293-7949-E6D8-6EAD-0C0132E88657}.Release|Any CPU.Build.0 = Release|Any CPU
		{F2617A3F-B016-8C31-079F-8E2210C19755}.Debug|Any CPU.ActiveCfg = Debug|Any CPU
		{F2617A3F-B016-8C31-079F-8E2210C19755}.Debug|Any CPU.Build.0 = Debug|Any CPU
		{F2617A3F-B016-8C31-079F-8E2210C19755}.Release|Any CPU.ActiveCfg = Release|Any CPU
		{F2617A3F-B016-8C31-079F-8E2210C19755}.Release|Any CPU.Build.0 = Release|Any CPU
		{5FCA7636-BF68-8375-5191-DA5F493BB271}.Debug|Any CPU.ActiveCfg = Debug|Any CPU
		{5FCA7636-BF68-8375-5191-DA5F493BB271}.Debug|Any CPU.Build.0 = Debug|Any CPU
		{5FCA7636-BF68-8375-5191-DA5F493BB271}.Release|Any CPU.ActiveCfg = Release|Any CPU
		{5FCA7636-BF68-8375-5191-DA5F493BB271}.Release|Any CPU.Build.0 = Release|Any CPU
		{9FE48592-B621-1EC9-0F16-98B29F7C1EAB}.Debug|Any CPU.ActiveCfg = Debug|Any CPU
		{9FE48592-B621-1EC9-0F16-98B29F7C1EAB}.Debug|Any CPU.Build.0 = Debug|Any CPU
		{9FE48592-B621-1EC9-0F16-98B29F7C1EAB}.Release|Any CPU.ActiveCfg = Release|Any CPU
		{9FE48592-B621-1EC9-0F16-98B29F7C1EAB}.Release|Any CPU.Build.0 = Release|Any CPU
		{77581D70-EC82-B85D-C23D-E59680EFA01E}.Debug|Any CPU.ActiveCfg = Debug|Any CPU
		{77581D70-EC82-B85D-C23D-E59680EFA01E}.Debug|Any CPU.Build.0 = Debug|Any CPU
		{77581D70-EC82-B85D-C23D-E59680EFA01E}.Release|Any CPU.ActiveCfg = Release|Any CPU
		{77581D70-EC82-B85D-C23D-E59680EFA01E}.Release|Any CPU.Build.0 = Release|Any CPU
		{292342BF-CCF4-0F1E-3731-821E8F324AC2}.Debug|Any CPU.ActiveCfg = Debug|Any CPU
		{292342BF-CCF4-0F1E-3731-821E8F324AC2}.Debug|Any CPU.Build.0 = Debug|Any CPU
		{292342BF-CCF4-0F1E-3731-821E8F324AC2}.Release|Any CPU.ActiveCfg = Release|Any CPU
		{292342BF-CCF4-0F1E-3731-821E8F324AC2}.Release|Any CPU.Build.0 = Release|Any CPU
	EndGlobalSection
	GlobalSection(SolutionProperties) = preSolution
		HideSolutionNode = FALSE
	EndGlobalSection
	GlobalSection(NestedProjects) = preSolution
		{F5FBE395-A9AA-0EC5-3054-FC66B787845B} = {1AE8ACA6-933B-BF2A-3671-3E2EAC007D16}
		{FE9E5C14-39C4-3780-2A69-6E2380F06A9A} = {F5FBE395-A9AA-0EC5-3054-FC66B787845B}
		{B55B7EC2-81FF-D920-27F6-A899E999C2B8} = {FE9E5C14-39C4-3780-2A69-6E2380F06A9A}
		{0842DE5C-7C4C-5058-B968-A63ADDD2B490} = {FE9E5C14-39C4-3780-2A69-6E2380F06A9A}
		{74F1629E-AD31-7FB9-C16A-7F7130513909} = {FE9E5C14-39C4-3780-2A69-6E2380F06A9A}
		{7CC4F2A7-3FB1-02B6-AD1B-0CFA4228BD69} = {FE9E5C14-39C4-3780-2A69-6E2380F06A9A}
		{81E15ABF-2A92-EAD7-0807-0C4C25EA559D} = {1AE8ACA6-933B-BF2A-3671-3E2EAC007D16}
		{E3E8C501-14F6-1C0B-21A6-8FD23B7EB4C3} = {81E15ABF-2A92-EAD7-0807-0C4C25EA559D}
		{27AC1EE1-043B-41AA-1F7A-2DEBD0979C4B} = {E3E8C501-14F6-1C0B-21A6-8FD23B7EB4C3}
		{7347B142-2264-63F4-AF52-967783102418} = {E3E8C501-14F6-1C0B-21A6-8FD23B7EB4C3}
		{2A312799-8A8F-B838-F0A1-CD48FC300CEC} = {E3E8C501-14F6-1C0B-21A6-8FD23B7EB4C3}
		{496FADCF-E1D2-0872-E6DD-14895A019431} = {E3E8C501-14F6-1C0B-21A6-8FD23B7EB4C3}
		{2B29CED9-BAA1-6E7C-9791-52F62BBA0112} = {1AE8ACA6-933B-BF2A-3671-3E2EAC007D16}
		{0E119B4B-1F11-A0EA-4CCE-4A01ECA144CA} = {2B29CED9-BAA1-6E7C-9791-52F62BBA0112}
		{9948D869-CE91-3C94-6170-FD5C36AEC80E} = {0E119B4B-1F11-A0EA-4CCE-4A01ECA144CA}
		{AFC3B11C-2B56-CCEA-EBC1-DD167DFB69E7} = {0E119B4B-1F11-A0EA-4CCE-4A01ECA144CA}
		{2DE737FD-5A71-7352-19A1-43C655EAF14E} = {0E119B4B-1F11-A0EA-4CCE-4A01ECA144CA}
		{2B55B126-35C2-2EC6-435B-4B01615980A8} = {0E119B4B-1F11-A0EA-4CCE-4A01ECA144CA}
		{C1DD1228-602D-EDB8-34A7-988CF3C6ABE9} = {1AE8ACA6-933B-BF2A-3671-3E2EAC007D16}
		{087EEE08-FD9F-0579-ABFC-89D7560A2EB9} = {C1DD1228-602D-EDB8-34A7-988CF3C6ABE9}
		{018C8CD0-5EFC-C1CA-D4C6-1C2FB392BA84} = {087EEE08-FD9F-0579-ABFC-89D7560A2EB9}
		{0DB1DD48-28EA-AD97-870F-2B0C6BFC16F4} = {087EEE08-FD9F-0579-ABFC-89D7560A2EB9}
		{8F5D0293-7949-E6D8-6EAD-0C0132E88657} = {087EEE08-FD9F-0579-ABFC-89D7560A2EB9}
		{F2617A3F-B016-8C31-079F-8E2210C19755} = {087EEE08-FD9F-0579-ABFC-89D7560A2EB9}
		{A5517D67-9A3F-B456-ABA9-C8497532F4C3} = {1AE8ACA6-933B-BF2A-3671-3E2EAC007D16}
		{73B2C378-38AB-38A3-B24B-A73E1A0C5AFD} = {A5517D67-9A3F-B456-ABA9-C8497532F4C3}
		{5FCA7636-BF68-8375-5191-DA5F493BB271} = {73B2C378-38AB-38A3-B24B-A73E1A0C5AFD}
		{9FE48592-B621-1EC9-0F16-98B29F7C1EAB} = {73B2C378-38AB-38A3-B24B-A73E1A0C5AFD}
		{77581D70-EC82-B85D-C23D-E59680EFA01E} = {73B2C378-38AB-38A3-B24B-A73E1A0C5AFD}
		{292342BF-CCF4-0F1E-3731-821E8F324AC2} = {73B2C378-38AB-38A3-B24B-A73E1A0C5AFD}
	EndGlobalSection
	GlobalSection(ExtensibilityGlobals) = postSolution
		SolutionGuid = {E6C7677A-17B1-4EED-B182-2BF0CBE8A998}
	EndGlobalSection
EndGlobal
